
Microsoft Visual Studio Solution File, Format Version 12.00
# Visual Studio Version 17
VisualStudioVersion = 17.0.31903.59
MinimumVisualStudioVersion = 10.0.40219.1
Project("{2150E333-8FDC-42A3-9474-1A3956D46DE8}") = "src", "src", "{827E0CD3-B72D-47B6-A68D-7590B98EB39B}"
EndProject
Project("{2150E333-8FDC-42A3-9474-1A3956D46DE8}") = "Gateway", "Gateway", "{6306A8FB-679E-111F-6585-8F70E0EE6013}"
EndProject
Project("{FAE04EC0-301F-11D3-BF4B-00C04F79EFBC}") = "AirbnbAIAgent.Gateway", "src\Gateway\AirbnbAIAgent.Gateway\AirbnbAIAgent.Gateway.csproj", "{04A4743E-63C5-494D-BCF2-C8F4FFC50967}"
EndProject
Project("{2150E333-8FDC-42A3-9474-1A3956D46DE8}") = "Services", "Services", "{984BB9B3-3FA3-BE33-9484-CAC21695A33C}"
EndProject
Project("{FAE04EC0-301F-11D3-BF4B-00C04F79EFBC}") = "AirbnbAIAgent.PropertyService", "src\Services\AirbnbAIAgent.PropertyService\AirbnbAIAgent.PropertyService.csproj", "{016C92FE-7B67-4901-82B1-A65C0AC88AA3}"
EndProject
Project("{FAE04EC0-301F-11D3-BF4B-00C04F79EFBC}") = "AirbnbAIAgent.PricingService", "src\Services\AirbnbAIAgent.PricingService\AirbnbAIAgent.PricingService.csproj", "{291172DD-1D8F-4636-846E-D7C078C0A1D6}"
EndProject
Project("{FAE04EC0-301F-11D3-BF4B-00C04F79EFBC}") = "AirbnbAIAgent.GuestService", "src\Services\AirbnbAIAgent.GuestService\AirbnbAIAgent.GuestService.csproj", "{7139A566-E0BD-423E-9165-928B03825552}"
EndProject
Project("{FAE04EC0-301F-11D3-BF4B-00C04F79EFBC}") = "AirbnbAIAgent.AnalyticsService", "src\Services\AirbnbAIAgent.AnalyticsService\AirbnbAIAgent.AnalyticsService.csproj", "{7D1FCEB4-53DB-467E-A50D-68FD57C88FDD}"
EndProject
Project("{FAE04EC0-301F-11D3-BF4B-00C04F79EFBC}") = "AirbnbAIAgent.AIAgentService", "src\Services\AirbnbAIAgent.AIAgentService\AirbnbAIAgent.AIAgentService.csproj", "{98942354-D0FE-4D77-BE5E-BDEFA006C374}"
EndProject
Project("{FAE04EC0-301F-11D3-BF4B-00C04F79EFBC}") = "AirbnbAIAgent.Shared", "src\Shared\AirbnbAIAgent.Shared\AirbnbAIAgent.Shared.csproj", "{2FD749FC-4341-4339-BE02-BA658E80DA19}"
EndProject
Project("{FAE04EC0-301F-11D3-BF4B-00C04F79EFBC}") = "AirbnbAIAgent.Infrastructure", "src\Infrastructure\AirbnbAIAgent.Infrastructure\AirbnbAIAgent.Infrastructure.csproj", "{B845B7E9-6F27-47DC-970D-1A5EBD9DC0B5}"
EndProject
Project("{FAE04EC0-301F-11D3-BF4B-00C04F79EFBC}") = "AirbnbAIAgent.MCP", "src\Infrastructure\AirbnbAIAgent.MCP\AirbnbAIAgent.MCP.csproj", "{8C168143-FD5E-4AF7-86B9-5345C527BBBD}"
EndProject
Global
	GlobalSection(SolutionConfigurationPlatforms) = preSolution
		Debug|Any CPU = Debug|Any CPU
		Debug|x64 = Debug|x64
		Debug|x86 = Debug|x86
		Release|Any CPU = Release|Any CPU
		Release|x64 = Release|x64
		Release|x86 = Release|x86
	EndGlobalSection
	GlobalSection(ProjectConfigurationPlatforms) = postSolution
		{04A4743E-63C5-494D-BCF2-C8F4FFC50967}.Debug|Any CPU.ActiveCfg = Debug|Any CPU
		{04A4743E-63C5-494D-BCF2-C8F4FFC50967}.Debug|Any CPU.Build.0 = Debug|Any CPU
		{04A4743E-63C5-494D-BCF2-C8F4FFC50967}.Debug|x64.ActiveCfg = Debug|Any CPU
		{04A4743E-63C5-494D-BCF2-C8F4FFC50967}.Debug|x64.Build.0 = Debug|Any CPU
		{04A4743E-63C5-494D-BCF2-C8F4FFC50967}.Debug|x86.ActiveCfg = Debug|Any CPU
		{04A4743E-63C5-494D-BCF2-C8F4FFC50967}.Debug|x86.Build.0 = Debug|Any CPU
		{04A4743E-63C5-494D-BCF2-C8F4FFC50967}.Release|Any CPU.ActiveCfg = Release|Any CPU
		{04A4743E-63C5-494D-BCF2-C8F4FFC50967}.Release|Any CPU.Build.0 = Release|Any CPU
		{04A4743E-63C5-494D-BCF2-C8F4FFC50967}.Release|x64.ActiveCfg = Release|Any CPU
		{04A4743E-63C5-494D-BCF2-C8F4FFC50967}.Release|x64.Build.0 = Release|Any CPU
		{04A4743E-63C5-494D-BCF2-C8F4FFC50967}.Release|x86.ActiveCfg = Release|Any CPU
		{04A4743E-63C5-494D-BCF2-C8F4FFC50967}.Release|x86.Build.0 = Release|Any CPU
		{016C92FE-7B67-4901-82B1-A65C0AC88AA3}.Debug|Any CPU.ActiveCfg = Debug|Any CPU
		{016C92FE-7B67-4901-82B1-A65C0AC88AA3}.Debug|Any CPU.Build.0 = Debug|Any CPU
		{016C92FE-7B67-4901-82B1-A65C0AC88AA3}.Debug|x64.ActiveCfg = Debug|Any CPU
		{016C92FE-7B67-4901-82B1-A65C0AC88AA3}.Debug|x64.Build.0 = Debug|Any CPU
		{016C92FE-7B67-4901-82B1-A65C0AC88AA3}.Debug|x86.ActiveCfg = Debug|Any CPU
		{016C92FE-7B67-4901-82B1-A65C0AC88AA3}.Debug|x86.Build.0 = Debug|Any CPU
		{016C92FE-7B67-4901-82B1-A65C0AC88AA3}.Release|Any CPU.ActiveCfg = Release|Any CPU
		{016C92FE-7B67-4901-82B1-A65C0AC88AA3}.Release|Any CPU.Build.0 = Release|Any CPU
		{016C92FE-7B67-4901-82B1-A65C0AC88AA3}.Release|x64.ActiveCfg = Release|Any CPU
		{016C92FE-7B67-4901-82B1-A65C0AC88AA3}.Release|x64.Build.0 = Release|Any CPU
		{016C92FE-7B67-4901-82B1-A65C0AC88AA3}.Release|x86.ActiveCfg = Release|Any CPU
		{016C92FE-7B67-4901-82B1-A65C0AC88AA3}.Release|x86.Build.0 = Release|Any CPU
		{291172DD-1D8F-4636-846E-D7C078C0A1D6}.Debug|Any CPU.ActiveCfg = Debug|Any CPU
		{291172DD-1D8F-4636-846E-D7C078C0A1D6}.Debug|Any CPU.Build.0 = Debug|Any CPU
		{291172DD-1D8F-4636-846E-D7C078C0A1D6}.Debug|x64.ActiveCfg = Debug|Any CPU
		{291172DD-1D8F-4636-846E-D7C078C0A1D6}.Debug|x64.Build.0 = Debug|Any CPU
		{291172DD-1D8F-4636-846E-D7C078C0A1D6}.Debug|x86.ActiveCfg = Debug|Any CPU
		{291172DD-1D8F-4636-846E-D7C078C0A1D6}.Debug|x86.Build.0 = Debug|Any CPU
		{291172DD-1D8F-4636-846E-D7C078C0A1D6}.Release|Any CPU.ActiveCfg = Release|Any CPU
		{291172DD-1D8F-4636-846E-D7C078C0A1D6}.Release|Any CPU.Build.0 = Release|Any CPU
		{291172DD-1D8F-4636-846E-D7C078C0A1D6}.Release|x64.ActiveCfg = Release|Any CPU
		{291172DD-1D8F-4636-846E-D7C078C0A1D6}.Release|x64.Build.0 = Release|Any CPU
		{291172DD-1D8F-4636-846E-D7C078C0A1D6}.Release|x86.ActiveCfg = Release|Any CPU
		{291172DD-1D8F-4636-846E-D7C078C0A1D6}.Release|x86.Build.0 = Release|Any CPU
		{7139A566-E0BD-423E-9165-928B03825552}.Debug|Any CPU.ActiveCfg = Debug|Any CPU
		{7139A566-E0BD-423E-9165-928B03825552}.Debug|Any CPU.Build.0 = Debug|Any CPU
		{7139A566-E0BD-423E-9165-928B03825552}.Debug|x64.ActiveCfg = Debug|Any CPU
		{7139A566-E0BD-423E-9165-928B03825552}.Debug|x64.Build.0 = Debug|Any CPU
		{7139A566-E0BD-423E-9165-928B03825552}.Debug|x86.ActiveCfg = Debug|Any CPU
		{7139A566-E0BD-423E-9165-928B03825552}.Debug|x86.Build.0 = Debug|Any CPU
		{7139A566-E0BD-423E-9165-928B03825552}.Release|Any CPU.ActiveCfg = Release|Any CPU
		{7139A566-E0BD-423E-9165-928B03825552}.Release|Any CPU.Build.0 = Release|Any CPU
		{7139A566-E0BD-423E-9165-928B03825552}.Release|x64.ActiveCfg = Release|Any CPU
		{7139A566-E0BD-423E-9165-928B03825552}.Release|x64.Build.0 = Release|Any CPU
		{7139A566-E0BD-423E-9165-928B03825552}.Release|x86.ActiveCfg = Release|Any CPU
		{7139A566-E0BD-423E-9165-928B03825552}.Release|x86.Build.0 = Release|Any CPU
		{7D1FCEB4-53DB-467E-A50D-68FD57C88FDD}.Debug|Any CPU.ActiveCfg = Debug|Any CPU
		{7D1FCEB4-53DB-467E-A50D-68FD57C88FDD}.Debug|Any CPU.Build.0 = Debug|Any CPU
		{7D1FCEB4-53DB-467E-A50D-68FD57C88FDD}.Debug|x64.ActiveCfg = Debug|Any CPU
		{7D1FCEB4-53DB-467E-A50D-68FD57C88FDD}.Debug|x64.Build.0 = Debug|Any CPU
		{7D1FCEB4-53DB-467E-A50D-68FD57C88FDD}.Debug|x86.ActiveCfg = Debug|Any CPU
		{7D1FCEB4-53DB-467E-A50D-68FD57C88FDD}.Debug|x86.Build.0 = Debug|Any CPU
		{7D1FCEB4-53DB-467E-A50D-68FD57C88FDD}.Release|Any CPU.ActiveCfg = Release|Any CPU
		{7D1FCEB4-53DB-467E-A50D-68FD57C88FDD}.Release|Any CPU.Build.0 = Release|Any CPU
		{7D1FCEB4-53DB-467E-A50D-68FD57C88FDD}.Release|x64.ActiveCfg = Release|Any CPU
		{7D1FCEB4-53DB-467E-A50D-68FD57C88FDD}.Release|x64.Build.0 = Release|Any CPU
		{7D1FCEB4-53DB-467E-A50D-68FD57C88FDD}.Release|x86.ActiveCfg = Release|Any CPU
		{7D1FCEB4-53DB-467E-A50D-68FD57C88FDD}.Release|x86.Build.0 = Release|Any CPU
		{98942354-D0FE-4D77-BE5E-BDEFA006C374}.Debug|Any CPU.ActiveCfg = Debug|Any CPU
		{98942354-D0FE-4D77-BE5E-BDEFA006C374}.Debug|Any CPU.Build.0 = Debug|Any CPU
		{98942354-D0FE-4D77-BE5E-BDEFA006C374}.Debug|x64.ActiveCfg = Debug|Any CPU
		{98942354-D0FE-4D77-BE5E-BDEFA006C374}.Debug|x64.Build.0 = Debug|Any CPU
		{98942354-D0FE-4D77-BE5E-BDEFA006C374}.Debug|x86.ActiveCfg = Debug|Any CPU
		{98942354-D0FE-4D77-BE5E-BDEFA006C374}.Debug|x86.Build.0 = Debug|Any CPU
		{98942354-D0FE-4D77-BE5E-BDEFA006C374}.Release|Any CPU.ActiveCfg = Release|Any CPU
		{98942354-D0FE-4D77-BE5E-BDEFA006C374}.Release|Any CPU.Build.0 = Release|Any CPU
		{98942354-D0FE-4D77-BE5E-BDEFA006C374}.Release|x64.ActiveCfg = Release|Any CPU
		{98942354-D0FE-4D77-BE5E-BDEFA006C374}.Release|x64.Build.0 = Release|Any CPU
		{98942354-D0FE-4D77-BE5E-BDEFA006C374}.Release|x86.ActiveCfg = Release|Any CPU
		{98942354-D0FE-4D77-BE5E-BDEFA006C374}.Release|x86.Build.0 = Release|Any CPU
		{2FD749FC-4341-4339-BE02-BA658E80DA19}.Debug|Any CPU.ActiveCfg = Debug|Any CPU
		{2FD749FC-4341-4339-BE02-BA658E80DA19}.Debug|Any CPU.Build.0 = Debug|Any CPU
		{2FD749FC-4341-4339-BE02-BA658E80DA19}.Debug|x64.ActiveCfg = Debug|Any CPU
		{2FD749FC-4341-4339-BE02-BA658E80DA19}.Debug|x64.Build.0 = Debug|Any CPU
		{2FD749FC-4341-4339-BE02-BA658E80DA19}.Debug|x86.ActiveCfg = Debug|Any CPU
		{2FD749FC-4341-4339-BE02-BA658E80DA19}.Debug|x86.Build.0 = Debug|Any CPU
		{2FD749FC-4341-4339-BE02-BA658E80DA19}.Release|Any CPU.ActiveCfg = Release|Any CPU
		{2FD749FC-4341-4339-BE02-BA658E80DA19}.Release|Any CPU.Build.0 = Release|Any CPU
		{2FD749FC-4341-4339-BE02-BA658E80DA19}.Release|x64.ActiveCfg = Release|Any CPU
		{2FD749FC-4341-4339-BE02-BA658E80DA19}.Release|x64.Build.0 = Release|Any CPU
		{2FD749FC-4341-4339-BE02-BA658E80DA19}.Release|x86.ActiveCfg = Release|Any CPU
		{2FD749FC-4341-4339-BE02-BA658E80DA19}.Release|x86.Build.0 = Release|Any CPU
		{B845B7E9-6F27-47DC-970D-1A5EBD9DC0B5}.Debug|Any CPU.ActiveCfg = Debug|Any CPU
		{B845B7E9-6F27-47DC-970D-1A5EBD9DC0B5}.Debug|Any CPU.Build.0 = Debug|Any CPU
		{B845B7E9-6F27-47DC-970D-1A5EBD9DC0B5}.Debug|x64.ActiveCfg = Debug|Any CPU
		{B845B7E9-6F27-47DC-970D-1A5EBD9DC0B5}.Debug|x64.Build.0 = Debug|Any CPU
		{B845B7E9-6F27-47DC-970D-1A5EBD9DC0B5}.Debug|x86.ActiveCfg = Debug|Any CPU
		{B845B7E9-6F27-47DC-970D-1A5EBD9DC0B5}.Debug|x86.Build.0 = Debug|Any CPU
		{B845B7E9-6F27-47DC-970D-1A5EBD9DC0B5}.Release|Any CPU.ActiveCfg = Release|Any CPU
		{B845B7E9-6F27-47DC-970D-1A5EBD9DC0B5}.Release|Any CPU.Build.0 = Release|Any CPU
		{B845B7E9-6F27-47DC-970D-1A5EBD9DC0B5}.Release|x64.ActiveCfg = Release|Any CPU
		{B845B7E9-6F27-47DC-970D-1A5EBD9DC0B5}.Release|x64.Build.0 = Release|Any CPU
		{B845B7E9-6F27-47DC-970D-1A5EBD9DC0B5}.Release|x86.ActiveCfg = Release|Any CPU
		{B845B7E9-6F27-47DC-970D-1A5EBD9DC0B5}.Release|x86.Build.0 = Release|Any CPU
		{8C168143-FD5E-4AF7-86B9-5345C527BBBD}.Debug|Any CPU.ActiveCfg = Debug|Any CPU
		{8C168143-FD5E-4AF7-86B9-5345C527BBBD}.Debug|Any CPU.Build.0 = Debug|Any CPU
		{8C168143-FD5E-4AF7-86B9-5345C527BBBD}.Debug|x64.ActiveCfg = Debug|Any CPU
		{8C168143-FD5E-4AF7-86B9-5345C527BBBD}.Debug|x64.Build.0 = Debug|Any CPU
		{8C168143-FD5E-4AF7-86B9-5345C527BBBD}.Debug|x86.ActiveCfg = Debug|Any CPU
		{8C168143-FD5E-4AF7-86B9-5345C527BBBD}.Debug|x86.Build.0 = Debug|Any CPU
		{8C168143-FD5E-4AF7-86B9-5345C527BBBD}.Release|Any CPU.ActiveCfg = Release|Any CPU
		{8C168143-FD5E-4AF7-86B9-5345C527BBBD}.Release|Any CPU.Build.0 = Release|Any CPU
		{8C168143-FD5E-4AF7-86B9-5345C527BBBD}.Release|x64.ActiveCfg = Release|Any CPU
		{8C168143-FD5E-4AF7-86B9-5345C527BBBD}.Release|x64.Build.0 = Release|Any CPU
		{8C168143-FD5E-4AF7-86B9-5345C527BBBD}.Release|x86.ActiveCfg = Release|Any CPU
		{8C168143-FD5E-4AF7-86B9-5345C527BBBD}.Release|x86.Build.0 = Release|Any CPU
	EndGlobalSection
	GlobalSection(SolutionProperties) = preSolution
		HideSolutionNode = FALSE
	EndGlobalSection
	GlobalSection(NestedProjects) = preSolution
		{6306A8FB-679E-111F-6585-8F70E0EE6013} = {827E0CD3-B72D-47B6-A68D-7590B98EB39B}
		{04A4743E-63C5-494D-BCF2-C8F4FFC50967} = {6306A8FB-679E-111F-6585-8F70E0EE6013}
		{984BB9B3-3FA3-BE33-9484-CAC21695A33C} = {827E0CD3-B72D-47B6-A68D-7590B98EB39B}
		{016C92FE-7B67-4901-82B1-A65C0AC88AA3} = {984BB9B3-3FA3-BE33-9484-CAC21695A33C}
		{291172DD-1D8F-4636-846E-D7C078C0A1D6} = {984BB9B3-3FA3-BE33-9484-CAC21695A33C}
		{7139A566-E0BD-423E-9165-928B03825552} = {984BB9B3-3FA3-BE33-9484-CAC21695A33C}
		{7D1FCEB4-53DB-467E-A50D-68FD57C88FDD} = {984BB9B3-3FA3-BE33-9484-CAC21695A33C}
		{98942354-D0FE-4D77-BE5E-BDEFA006C374} = {984BB9B3-3FA3-BE33-9484-CAC21695A33C}
		{2FD749FC-4341-4339-BE02-BA658E80DA19} = {984BB9B3-3FA3-BE33-9484-CAC21695A33C}
		{B845B7E9-6F27-47DC-970D-1A5EBD9DC0B5} = {984BB9B3-3FA3-BE33-9484-CAC21695A33C}
		{8C168143-FD5E-4AF7-86B9-5345C527BBBD} = {984BB9B3-3FA3-BE33-9484-CAC21695A33C}
	EndGlobalSection
EndGlobal
